// !$*UTF8*$!
{
	archiveVersion = 1;
	classes = {
	};
	objectVersion = 46;
	objects = {

/* Begin PBXBuildFile section */
		DA2A14017504BE3F82EA8890 /* Pods_TaskTracker.framework in Frameworks */ = {isa = PBXBuildFile; fileRef = 14F80EE89AC00E86176736D7 /* Pods_TaskTracker.framework */; };
		F22CD6C01E4177CE00C3963F /* AppDelegate.swift in Sources */ = {isa = PBXBuildFile; fileRef = F22CD6BF1E4177CE00C3963F /* AppDelegate.swift */; };
		F22CD6C21E4177CE00C3963F /* ListVC.swift in Sources */ = {isa = PBXBuildFile; fileRef = F22CD6C11E4177CE00C3963F /* ListVC.swift */; };
		F22CD6C51E4177CE00C3963F /* Main.storyboard in Resources */ = {isa = PBXBuildFile; fileRef = F22CD6C31E4177CE00C3963F /* Main.storyboard */; };
		F22CD6CA1E4177CE00C3963F /* LaunchScreen.storyboard in Resources */ = {isa = PBXBuildFile; fileRef = F22CD6C81E4177CE00C3963F /* LaunchScreen.storyboard */; };
		F22CD6D51E41799600C3963F /* TaskCell.swift in Sources */ = {isa = PBXBuildFile; fileRef = F22CD6D41E41799600C3963F /* TaskCell.swift */; };
		F22CD6D71E4179A300C3963F /* Task.swift in Sources */ = {isa = PBXBuildFile; fileRef = F22CD6D61E4179A300C3963F /* Task.swift */; };
		F22CD6D91E418E5C00C3963F /* DetailsVC.swift in Sources */ = {isa = PBXBuildFile; fileRef = F22CD6D81E418E5C00C3963F /* DetailsVC.swift */; };
		F235B38D1E51110700E055A3 /* LoginVC.swift in Sources */ = {isa = PBXBuildFile; fileRef = F235B38C1E51110700E055A3 /* LoginVC.swift */; };
		F235B3901E512F4E00E055A3 /* User.swift in Sources */ = {isa = PBXBuildFile; fileRef = F235B38F1E512F4E00E055A3 /* User.swift */; };
		F235B3991E52C97D00E055A3 /* GoogleService-Info.plist in Resources */ = {isa = PBXBuildFile; fileRef = F235B3981E52C97D00E055A3 /* GoogleService-Info.plist */; };
		F235B39B1E52E5DC00E055A3 /* CustomTitle.swift in Sources */ = {isa = PBXBuildFile; fileRef = F235B39A1E52E5DC00E055A3 /* CustomTitle.swift */; };
		F2584CAF1E47E590007FC039 /* CardView.swift in Sources */ = {isa = PBXBuildFile; fileRef = F2584CAE1E47E590007FC039 /* CardView.swift */; };
		F26FA41C1E58DAAA0084F4D2 /* Assets.xcassets in Resources */ = {isa = PBXBuildFile; fileRef = F26FA41B1E58DAAA0084F4D2 /* Assets.xcassets */; };
		F27105581E495AE0002108EB /* RoundedButton.swift in Sources */ = {isa = PBXBuildFile; fileRef = F27105571E495AE0002108EB /* RoundedButton.swift */; };
		F271055C1E499800002108EB /* RoundedTextField.swift in Sources */ = {isa = PBXBuildFile; fileRef = F271055B1E499800002108EB /* RoundedTextField.swift */; };
/* End PBXBuildFile section */

/* Begin PBXFileReference section */
		14F80EE89AC00E86176736D7 /* Pods_TaskTracker.framework */ = {isa = PBXFileReference; explicitFileType = wrapper.framework; includeInIndex = 0; path = Pods_TaskTracker.framework; sourceTree = BUILT_PRODUCTS_DIR; };
		4C86B37DC9FB66F6A395721D /* Pods-TaskTracker.release.xcconfig */ = {isa = PBXFileReference; includeInIndex = 1; lastKnownFileType = text.xcconfig; name = "Pods-TaskTracker.release.xcconfig"; path = "Pods/Target Support Files/Pods-TaskTracker/Pods-TaskTracker.release.xcconfig"; sourceTree = "<group>"; };
		9CDA9B34691A238C22776F26 /* Pods-TaskTracker.debug.xcconfig */ = {isa = PBXFileReference; includeInIndex = 1; lastKnownFileType = text.xcconfig; name = "Pods-TaskTracker.debug.xcconfig"; path = "Pods/Target Support Files/Pods-TaskTracker/Pods-TaskTracker.debug.xcconfig"; sourceTree = "<group>"; };
		F22CD6BC1E4177CE00C3963F /* TaskTracker.app */ = {isa = PBXFileReference; explicitFileType = wrapper.application; includeInIndex = 0; path = TaskTracker.app; sourceTree = BUILT_PRODUCTS_DIR; };
		F22CD6BF1E4177CE00C3963F /* AppDelegate.swift */ = {isa = PBXFileReference; lastKnownFileType = sourcecode.swift; path = AppDelegate.swift; sourceTree = "<group>"; };
		F22CD6C11E4177CE00C3963F /* ListVC.swift */ = {isa = PBXFileReference; lastKnownFileType = sourcecode.swift; path = ListVC.swift; sourceTree = "<group>"; };
		F22CD6C41E4177CE00C3963F /* Base */ = {isa = PBXFileReference; lastKnownFileType = file.storyboard; name = Base; path = Base.lproj/Main.storyboard; sourceTree = "<group>"; };
		F22CD6C91E4177CE00C3963F /* Base */ = {isa = PBXFileReference; lastKnownFileType = file.storyboard; name = Base; path = Base.lproj/LaunchScreen.storyboard; sourceTree = "<group>"; };
		F22CD6CB1E4177CE00C3963F /* Info.plist */ = {isa = PBXFileReference; lastKnownFileType = text.plist.xml; path = Info.plist; sourceTree = "<group>"; };
		F22CD6D41E41799600C3963F /* TaskCell.swift */ = {isa = PBXFileReference; fileEncoding = 4; lastKnownFileType = sourcecode.swift; path = TaskCell.swift; sourceTree = "<group>"; };
		F22CD6D61E4179A300C3963F /* Task.swift */ = {isa = PBXFileReference; fileEncoding = 4; lastKnownFileType = sourcecode.swift; path = Task.swift; sourceTree = "<group>"; };
		F22CD6D81E418E5C00C3963F /* DetailsVC.swift */ = {isa = PBXFileReference; fileEncoding = 4; lastKnownFileType = sourcecode.swift; path = DetailsVC.swift; sourceTree = "<group>"; };
		F235B38C1E51110700E055A3 /* LoginVC.swift */ = {isa = PBXFileReference; fileEncoding = 4; lastKnownFileType = sourcecode.swift; path = LoginVC.swift; sourceTree = "<group>"; };
		F235B38E1E511A5000E055A3 /* TaskTracker.entitlements */ = {isa = PBXFileReference; lastKnownFileType = text.plist.entitlements; path = TaskTracker.entitlements; sourceTree = "<group>"; };
		F235B38F1E512F4E00E055A3 /* User.swift */ = {isa = PBXFileReference; fileEncoding = 4; lastKnownFileType = sourcecode.swift; path = User.swift; sourceTree = "<group>"; };
		F235B3911E5132CD00E055A3 /* TaskTracker-Bridging-Header.h */ = {isa = PBXFileReference; lastKnownFileType = sourcecode.c.h; path = "TaskTracker-Bridging-Header.h"; sourceTree = "<group>"; };
		F235B3981E52C97D00E055A3 /* GoogleService-Info.plist */ = {isa = PBXFileReference; fileEncoding = 4; lastKnownFileType = text.plist.xml; path = "GoogleService-Info.plist"; sourceTree = "<group>"; };
		F235B39A1E52E5DC00E055A3 /* CustomTitle.swift */ = {isa = PBXFileReference; fileEncoding = 4; lastKnownFileType = sourcecode.swift; path = CustomTitle.swift; sourceTree = "<group>"; };
		F2584CAE1E47E590007FC039 /* CardView.swift */ = {isa = PBXFileReference; fileEncoding = 4; lastKnownFileType = sourcecode.swift; path = CardView.swift; sourceTree = "<group>"; };
		F26FA41B1E58DAAA0084F4D2 /* Assets.xcassets */ = {isa = PBXFileReference; lastKnownFileType = folder.assetcatalog; path = Assets.xcassets; sourceTree = "<group>"; };
		F27105571E495AE0002108EB /* RoundedButton.swift */ = {isa = PBXFileReference; fileEncoding = 4; lastKnownFileType = sourcecode.swift; path = RoundedButton.swift; sourceTree = "<group>"; };
		F271055B1E499800002108EB /* RoundedTextField.swift */ = {isa = PBXFileReference; fileEncoding = 4; lastKnownFileType = sourcecode.swift; path = RoundedTextField.swift; sourceTree = "<group>"; };
/* End PBXFileReference section */

/* Begin PBXFrameworksBuildPhase section */
		F22CD6B91E4177CE00C3963F /* Frameworks */ = {
			isa = PBXFrameworksBuildPhase;
			buildActionMask = 2147483647;
			files = (
				DA2A14017504BE3F82EA8890 /* Pods_TaskTracker.framework in Frameworks */,
			);
			runOnlyForDeploymentPostprocessing = 0;
		};
/* End PBXFrameworksBuildPhase section */

/* Begin PBXGroup section */
		07F860458F24E268385D67A7 /* Pods */ = {
			isa = PBXGroup;
			children = (
				9CDA9B34691A238C22776F26 /* Pods-TaskTracker.debug.xcconfig */,
				4C86B37DC9FB66F6A395721D /* Pods-TaskTracker.release.xcconfig */,
			);
			name = Pods;
			sourceTree = "<group>";
		};
		8D8058D7F04B39DDEB268D7B /* Frameworks */ = {
			isa = PBXGroup;
			children = (
				14F80EE89AC00E86176736D7 /* Pods_TaskTracker.framework */,
			);
			name = Frameworks;
			sourceTree = "<group>";
		};
		F22CD6B31E4177CE00C3963F = {
			isa = PBXGroup;
			children = (
				F22CD6BE1E4177CE00C3963F /* TaskTracker */,
				F22CD6BD1E4177CE00C3963F /* Products */,
				07F860458F24E268385D67A7 /* Pods */,
				8D8058D7F04B39DDEB268D7B /* Frameworks */,
			);
			sourceTree = "<group>";
		};
		F22CD6BD1E4177CE00C3963F /* Products */ = {
			isa = PBXGroup;
			children = (
				F22CD6BC1E4177CE00C3963F /* TaskTracker.app */,
			);
			name = Products;
			sourceTree = "<group>";
		};
		F22CD6BE1E4177CE00C3963F /* TaskTracker */ = {
			isa = PBXGroup;
			children = (
				F235B38E1E511A5000E055A3 /* TaskTracker.entitlements */,
				F235B3981E52C97D00E055A3 /* GoogleService-Info.plist */,
				F22CD6D31E41785700C3963F /* Controller */,
				F22CD6D21E41785300C3963F /* View */,
				F22CD6D11E41784F00C3963F /* Model */,
				F22CD6BF1E4177CE00C3963F /* AppDelegate.swift */,
				F22CD6C31E4177CE00C3963F /* Main.storyboard */,
				F22CD6C81E4177CE00C3963F /* LaunchScreen.storyboard */,
				F22CD6CB1E4177CE00C3963F /* Info.plist */,
				F235B3911E5132CD00E055A3 /* TaskTracker-Bridging-Header.h */,
				F26FA41B1E58DAAA0084F4D2 /* Assets.xcassets */,
			);
			path = TaskTracker;
			sourceTree = "<group>";
		};
		F22CD6D11E41784F00C3963F /* Model */ = {
			isa = PBXGroup;
			children = (
				F22CD6D61E4179A300C3963F /* Task.swift */,
				F235B38F1E512F4E00E055A3 /* User.swift */,
			);
			name = Model;
			sourceTree = "<group>";
		};
		F22CD6D21E41785300C3963F /* View */ = {
			isa = PBXGroup;
			children = (
				F22CD6D41E41799600C3963F /* TaskCell.swift */,
				F2584CAE1E47E590007FC039 /* CardView.swift */,
				F27105571E495AE0002108EB /* RoundedButton.swift */,
				F271055B1E499800002108EB /* RoundedTextField.swift */,
				F235B39A1E52E5DC00E055A3 /* CustomTitle.swift */,
			);
			name = View;
			sourceTree = "<group>";
		};
		F22CD6D31E41785700C3963F /* Controller */ = {
			isa = PBXGroup;
			children = (
				F22CD6C11E4177CE00C3963F /* ListVC.swift */,
				F22CD6D81E418E5C00C3963F /* DetailsVC.swift */,
				F235B38C1E51110700E055A3 /* LoginVC.swift */,
			);
			name = Controller;
			sourceTree = "<group>";
		};
/* End PBXGroup section */

/* Begin PBXNativeTarget section */
		F22CD6BB1E4177CE00C3963F /* TaskTracker */ = {
			isa = PBXNativeTarget;
			buildConfigurationList = F22CD6CE1E4177CE00C3963F /* Build configuration list for PBXNativeTarget "TaskTracker" */;
			buildPhases = (
				945122E15A749E68134F62E3 /* [CP] Check Pods Manifest.lock */,
				F22CD6B81E4177CE00C3963F /* Sources */,
				F22CD6B91E4177CE00C3963F /* Frameworks */,
				F22CD6BA1E4177CE00C3963F /* Resources */,
				1A3C89D9ED9CD64354B711AF /* [CP] Embed Pods Frameworks */,
				0F3CD24405E6D6BC3AC09FDD /* [CP] Copy Pods Resources */,
			);
			buildRules = (
			);
			dependencies = (
			);
			name = TaskTracker;
			productName = TaskTracker;
			productReference = F22CD6BC1E4177CE00C3963F /* TaskTracker.app */;
			productType = "com.apple.product-type.application";
		};
/* End PBXNativeTarget section */

/* Begin PBXProject section */
		F22CD6B41E4177CE00C3963F /* Project object */ = {
			isa = PBXProject;
			attributes = {
				LastSwiftUpdateCheck = 0820;
				LastUpgradeCheck = 0820;
				ORGANIZATIONNAME = "Serhii Pianykh";
				TargetAttributes = {
					F22CD6BB1E4177CE00C3963F = {
						CreatedOnToolsVersion = 8.2.1;
						DevelopmentTeam = 2BULHRS882;
						LastSwiftMigration = 0820;
						ProvisioningStyle = Automatic;
						SystemCapabilities = {
							com.apple.Keychain = {
								enabled = 1;
							};
						};
					};
				};
			};
			buildConfigurationList = F22CD6B71E4177CE00C3963F /* Build configuration list for PBXProject "TaskTracker" */;
			compatibilityVersion = "Xcode 3.2";
			developmentRegion = English;
			hasScannedForEncodings = 0;
			knownRegions = (
				en,
				Base,
			);
			mainGroup = F22CD6B31E4177CE00C3963F;
			productRefGroup = F22CD6BD1E4177CE00C3963F /* Products */;
			projectDirPath = "";
			projectRoot = "";
			targets = (
				F22CD6BB1E4177CE00C3963F /* TaskTracker */,
			);
		};
/* End PBXProject section */

/* Begin PBXResourcesBuildPhase section */
		F22CD6BA1E4177CE00C3963F /* Resources */ = {
			isa = PBXResourcesBuildPhase;
			buildActionMask = 2147483647;
			files = (
				F22CD6CA1E4177CE00C3963F /* LaunchScreen.storyboard in Resources */,
				F235B3991E52C97D00E055A3 /* GoogleService-Info.plist in Resources */,
				F26FA41C1E58DAAA0084F4D2 /* Assets.xcassets in Resources */,
				F22CD6C51E4177CE00C3963F /* Main.storyboard in Resources */,
			);
			runOnlyForDeploymentPostprocessing = 0;
		};
/* End PBXResourcesBuildPhase section */

/* Begin PBXShellScriptBuildPhase section */
		0F3CD24405E6D6BC3AC09FDD /* [CP] Copy Pods Resources */ = {
			isa = PBXShellScriptBuildPhase;
			buildActionMask = 2147483647;
			files = (
			);
			inputPaths = (
			);
			name = "[CP] Copy Pods Resources";
			outputPaths = (
			);
			runOnlyForDeploymentPostprocessing = 0;
			shellPath = /bin/sh;
			shellScript = "\"${SRCROOT}/Pods/Target Support Files/Pods-TaskTracker/Pods-TaskTracker-resources.sh\"\n";
			showEnvVarsInLog = 0;
		};
		1A3C89D9ED9CD64354B711AF /* [CP] Embed Pods Frameworks */ = {
			isa = PBXShellScriptBuildPhase;
			buildActionMask = 2147483647;
			files = (
			);
			inputPaths = (
			);
			name = "[CP] Embed Pods Frameworks";
			outputPaths = (
			);
			runOnlyForDeploymentPostprocessing = 0;
			shellPath = /bin/sh;
			shellScript = "\"${SRCROOT}/Pods/Target Support Files/Pods-TaskTracker/Pods-TaskTracker-frameworks.sh\"\n";
			showEnvVarsInLog = 0;
		};
		945122E15A749E68134F62E3 /* [CP] Check Pods Manifest.lock */ = {
			isa = PBXShellScriptBuildPhase;
			buildActionMask = 2147483647;
			files = (
			);
			inputPaths = (
			);
			name = "[CP] Check Pods Manifest.lock";
			outputPaths = (
			);
			runOnlyForDeploymentPostprocessing = 0;
			shellPath = /bin/sh;
			shellScript = "diff \"${PODS_ROOT}/../Podfile.lock\" \"${PODS_ROOT}/Manifest.lock\" > /dev/null\nif [ $? != 0 ] ; then\n    # print error to STDERR\n    echo \"error: The sandbox is not in sync with the Podfile.lock. Run 'pod install' or update your CocoaPods installation.\" >&2\n    exit 1\nfi\n";
			showEnvVarsInLog = 0;
		};
/* End PBXShellScriptBuildPhase section */

/* Begin PBXSourcesBuildPhase section */
		F22CD6B81E4177CE00C3963F /* Sources */ = {
			isa = PBXSourcesBuildPhase;
			buildActionMask = 2147483647;
			files = (
				F22CD6D71E4179A300C3963F /* Task.swift in Sources */,
				F235B39B1E52E5DC00E055A3 /* CustomTitle.swift in Sources */,
				F22CD6C21E4177CE00C3963F /* ListVC.swift in Sources */,
				F22CD6D51E41799600C3963F /* TaskCell.swift in Sources */,
				F271055C1E499800002108EB /* RoundedTextField.swift in Sources */,
				F22CD6C01E4177CE00C3963F /* AppDelegate.swift in Sources */,
				F235B3901E512F4E00E055A3 /* User.swift in Sources */,
				F235B38D1E51110700E055A3 /* LoginVC.swift in Sources */,
				F27105581E495AE0002108EB /* RoundedButton.swift in Sources */,
				F2584CAF1E47E590007FC039 /* CardView.swift in Sources */,
				F22CD6D91E418E5C00C3963F /* DetailsVC.swift in Sources */,
			);
			runOnlyForDeploymentPostprocessing = 0;
		};
/* End PBXSourcesBuildPhase section */

/* Begin PBXVariantGroup section */
		F22CD6C31E4177CE00C3963F /* Main.storyboard */ = {
			isa = PBXVariantGroup;
			children = (
				F22CD6C41E4177CE00C3963F /* Base */,
			);
			name = Main.storyboard;
			sourceTree = "<group>";
		};
		F22CD6C81E4177CE00C3963F /* LaunchScreen.storyboard */ = {
			isa = PBXVariantGroup;
			children = (
				F22CD6C91E4177CE00C3963F /* Base */,
			);
			name = LaunchScreen.storyboard;
			sourceTree = "<group>";
		};
/* End PBXVariantGroup section */

/* Begin XCBuildConfiguration section */
		F22CD6CC1E4177CE00C3963F /* Debug */ = {
			isa = XCBuildConfiguration;
			buildSettings = {
				ALWAYS_SEARCH_USER_PATHS = NO;
				CLANG_ANALYZER_NONNULL = YES;
				CLANG_CXX_LANGUAGE_STANDARD = "gnu++0x";
				CLANG_CXX_LIBRARY = "libc++";
				CLANG_ENABLE_MODULES = YES;
				CLANG_ENABLE_OBJC_ARC = YES;
				CLANG_WARN_BOOL_CONVERSION = YES;
				CLANG_WARN_CONSTANT_CONVERSION = YES;
				CLANG_WARN_DIRECT_OBJC_ISA_USAGE = YES_ERROR;
				CLANG_WARN_DOCUMENTATION_COMMENTS = YES;
				CLANG_WARN_EMPTY_BODY = YES;
				CLANG_WARN_ENUM_CONVERSION = YES;
				CLANG_WARN_INFINITE_RECURSION = YES;
				CLANG_WARN_INT_CONVERSION = YES;
				CLANG_WARN_OBJC_ROOT_CLASS = YES_ERROR;
				CLANG_WARN_SUSPICIOUS_MOVE = YES;
				CLANG_WARN_UNREACHABLE_CODE = YES;
				CLANG_WARN__DUPLICATE_METHOD_MATCH = YES;
				"CODE_SIGN_IDENTITY[sdk=iphoneos*]" = "iPhone Developer";
				COPY_PHASE_STRIP = NO;
				DEBUG_INFORMATION_FORMAT = dwarf;
				ENABLE_STRICT_OBJC_MSGSEND = YES;
				ENABLE_TESTABILITY = YES;
				GCC_C_LANGUAGE_STANDARD = gnu99;
				GCC_DYNAMIC_NO_PIC = NO;
				GCC_NO_COMMON_BLOCKS = YES;
				GCC_OPTIMIZATION_LEVEL = 0;
				GCC_PREPROCESSOR_DEFINITIONS = (
					"DEBUG=1",
					"$(inherited)",
				);
				GCC_WARN_64_TO_32_BIT_CONVERSION = YES;
				GCC_WARN_ABOUT_RETURN_TYPE = YES_ERROR;
				GCC_WARN_UNDECLARED_SELECTOR = YES;
				GCC_WARN_UNINITIALIZED_AUTOS = YES_AGGRESSIVE;
				GCC_WARN_UNUSED_FUNCTION = YES;
				GCC_WARN_UNUSED_VARIABLE = YES;
				IPHONEOS_DEPLOYMENT_TARGET = 10.2;
				MTL_ENABLE_DEBUG_INFO = YES;
				ONLY_ACTIVE_ARCH = YES;
				SDKROOT = iphoneos;
				SWIFT_ACTIVE_COMPILATION_CONDITIONS = DEBUG;
				SWIFT_OPTIMIZATION_LEVEL = "-Onone";
				TARGETED_DEVICE_FAMILY = "1,2";
			};
			name = Debug;
		};
		F22CD6CD1E4177CE00C3963F /* Release */ = {
			isa = XCBuildConfiguration;
			buildSettings = {
				ALWAYS_SEARCH_USER_PATHS = NO;
				CLANG_ANALYZER_NONNULL = YES;
				CLANG_CXX_LANGUAGE_STANDARD = "gnu++0x";
				CLANG_CXX_LIBRARY = "libc++";
				CLANG_ENABLE_MODULES = YES;
				CLANG_ENABLE_OBJC_ARC = YES;
				CLANG_WARN_BOOL_CONVERSION = YES;
				CLANG_WARN_CONSTANT_CONVERSION = YES;
				CLANG_WARN_DIRECT_OBJC_ISA_USAGE = YES_ERROR;
				CLANG_WARN_DOCUMENTATION_COMMENTS = YES;
				CLANG_WARN_EMPTY_BODY = YES;
				CLANG_WARN_ENUM_CONVERSION = YES;
				CLANG_WARN_INFINITE_RECURSION = YES;
				CLANG_WARN_INT_CONVERSION = YES;
				CLANG_WARN_OBJC_ROOT_CLASS = YES_ERROR;
				CLANG_WARN_SUSPICIOUS_MOVE = YES;
				CLANG_WARN_UNREACHABLE_CODE = YES;
				CLANG_WARN__DUPLICATE_METHOD_MATCH = YES;
				"CODE_SIGN_IDENTITY[sdk=iphoneos*]" = "iPhone Developer";
				COPY_PHASE_STRIP = NO;
				DEBUG_INFORMATION_FORMAT = "dwarf-with-dsym";
				ENABLE_NS_ASSERTIONS = NO;
				ENABLE_STRICT_OBJC_MSGSEND = YES;
				GCC_C_LANGUAGE_STANDARD = gnu99;
				GCC_NO_COMMON_BLOCKS = YES;
				GCC_WARN_64_TO_32_BIT_CONVERSION = YES;
				GCC_WARN_ABOUT_RETURN_TYPE = YES_ERROR;
				GCC_WARN_UNDECLARED_SELECTOR = YES;
				GCC_WARN_UNINITIALIZED_AUTOS = YES_AGGRESSIVE;
				GCC_WARN_UNUSED_FUNCTION = YES;
				GCC_WARN_UNUSED_VARIABLE = YES;
				IPHONEOS_DEPLOYMENT_TARGET = 10.2;
				MTL_ENABLE_DEBUG_INFO = NO;
				SDKROOT = iphoneos;
				SWIFT_OPTIMIZATION_LEVEL = "-Owholemodule";
				TARGETED_DEVICE_FAMILY = "1,2";
				VALIDATE_PRODUCT = YES;
			};
			name = Release;
		};
		F22CD6CF1E4177CE00C3963F /* Debug */ = {
			isa = XCBuildConfiguration;
			baseConfigurationReference = 9CDA9B34691A238C22776F26 /* Pods-TaskTracker.debug.xcconfig */;
			buildSettings = {
				ASSETCATALOG_COMPILER_APPICON_NAME = AppIcon;
				CLANG_ENABLE_MODULES = YES;
				CODE_SIGN_ENTITLEMENTS = TaskTracker/TaskTracker.entitlements;
				DEVELOPMENT_TEAM = 2BULHRS882;
				INFOPLIST_FILE = TaskTracker/Info.plist;
				LD_RUNPATH_SEARCH_PATHS = "$(inherited) @executable_path/Frameworks";
				PRODUCT_BUNDLE_IDENTIFIER = serhii.pianykh.TaskTracker;
				PRODUCT_NAME = "$(TARGET_NAME)";
				SWIFT_OBJC_BRIDGING_HEADER = "TaskTracker/TaskTracker-Bridging-Header.h";
				SWIFT_OPTIMIZATION_LEVEL = "-Onone";
				SWIFT_VERSION = 3.0;
			};
			name = Debug;
		};
		F22CD6D01E4177CE00C3963F /* Release */ = {
			isa = XCBuildConfiguration;
			baseConfigurationReference = 4C86B37DC9FB66F6A395721D /* Pods-TaskTracker.release.xcconfig */;
			buildSettings = {
				ASSETCATALOG_COMPILER_APPICON_NAME = AppIcon;
				CLANG_ENABLE_MODULES = YES;
				CODE_SIGN_ENTITLEMENTS = TaskTracker/TaskTracker.entitlements;
				DEVELOPMENT_TEAM = 2BULHRS882;
				INFOPLIST_FILE = TaskTracker/Info.plist;
				LD_RUNPATH_SEARCH_PATHS = "$(inherited) @executable_path/Frameworks";
				PRODUCT_BUNDLE_IDENTIFIER = serhii.pianykh.TaskTracker;
				PRODUCT_NAME = "$(TARGET_NAME)";
				SWIFT_OBJC_BRIDGING_HEADER = "TaskTracker/TaskTracker-Bridging-Header.h";
				SWIFT_VERSION = 3.0;
			};
			name = Release;
		};
/* End XCBuildConfiguration section */

/* Begin XCConfigurationList section */
		F22CD6B71E4177CE00C3963F /* Build configuration list for PBXProject "TaskTracker" */ = {
			isa = XCConfigurationList;
			buildConfigurations = (
				F22CD6CC1E4177CE00C3963F /* Debug */,
				F22CD6CD1E4177CE00C3963F /* Release */,
			);
			defaultConfigurationIsVisible = 0;
			defaultConfigurationName = Release;
		};
		F22CD6CE1E4177CE00C3963F /* Build configuration list for PBXNativeTarget "TaskTracker" */ = {
			isa = XCConfigurationList;
			buildConfigurations = (
				F22CD6CF1E4177CE00C3963F /* Debug */,
				F22CD6D01E4177CE00C3963F /* Release */,
			);
			defaultConfigurationIsVisible = 0;
			defaultConfigurationName = Release;
		};
/* End XCConfigurationList section */
	};
	rootObject = F22CD6B41E4177CE00C3963F /* Project object */;
}
